# This file is automatically @generated by Cargo.
# It is not intended for manual editing.
version = 3

[[package]]
name = "backend-1password"
version = "0.1.0"

[[package]]
name = "backend-aws-ssm"
version = "0.1.0"

[[package]]
name = "backend-local"
version = "0.1.0"

[[package]]
name = "secretenv-cli"
version = "0.1.0"

[[package]]
name = "secretenv-core"
version = "0.1.0"
